# This file is automatically @generated by Cargo.
# It is not intended for manual editing.
version = 4

[[package]]
name = "kitty-ai"
version = "0.1.0"

[[package]]
name = "kitty-core"
version = "0.1.0"

[[package]]
name = "kitty-shell"
version = "0.1.0"
dependencies = [
 "kitty-ai",
 "kitty-core",
]
