# This file is automatically @generated by Cargo.
# It is not intended for manual editing.
version = 4

[[package]]
name = "kitty-3d"
version = "0.1.0"

[[package]]
name = "kitty-ai"
version = "0.1.0"

[[package]]
name = "kitty-compat"
version = "0.1.0"

[[package]]
name = "kitty-core"
version = "0.1.0"

[[package]]
name = "kitty-render"
version = "0.1.0"

[[package]]
name = "kitty-script"
version = "0.1.0"

[[package]]
name = "kitty-shell"
version = "0.1.0"
dependencies = [
 "kitty-3d",
 "kitty-ai",
 "kitty-compat",
 "kitty-core",
 "kitty-render",
 "kitty-script",
 "kitty-webapp",
]

[[package]]
name = "kitty-webapp"
version = "0.1.0"
